
Microsoft Visual Studio Solution File, Format Version 12.00
# Visual Studio Version 16
VisualStudioVersion = 16.0.32630.194
MinimumVisualStudioVersion = 10.0.40219.1
Project("{FAE04EC0-301F-11D3-BF4B-00C04F79EFBC}") = "NagyDaniel", "NagyDaniel\NagyDaniel.csproj", "{8392B07F-8A2C-4B47-9D43-FAC23B5DA352}"
EndProject
Global
	GlobalSection(SolutionConfigurationPlatforms) = preSolution
		Debug|Any CPU = Debug|Any CPU
		Release|Any CPU = Release|Any CPU
	EndGlobalSection
	GlobalSection(ProjectConfigurationPlatforms) = postSolution
		{8392B07F-8A2C-4B47-9D43-FAC23B5DA352}.Debug|Any CPU.ActiveCfg = Debug|Any CPU
		{8392B07F-8A2C-4B47-9D43-FAC23B5DA352}.Debug|Any CPU.Build.0 = Debug|Any CPU
		{8392B07F-8A2C-4B47-9D43-FAC23B5DA352}.Release|Any CPU.ActiveCfg = Release|Any CPU
		{8392B07F-8A2C-4B47-9D43-FAC23B5DA352}.Release|Any CPU.Build.0 = Release|Any CPU
	EndGlobalSection
	GlobalSection(SolutionProperties) = preSolution
		HideSolutionNode = FALSE
	EndGlobalSection
	GlobalSection(ExtensibilityGlobals) = postSolution
		SolutionGuid = {7161BB25-50FE-4215-94DE-BF42DAF01A81}
	EndGlobalSection
EndGlobal
